{
  "name": "check-my-payments",
  "version": "24.4.0",
  "lockfileVersion": 3,
  "requires": true,
  "packages": {
    "": {
      "name": "check-my-payments",
      "version": "24.4.0",
      "dependencies": {},
      "devDependencies": {},
      "description": "Check My Payments version 24.4 with visual polish, brand icon alignment, favicon, SEO content, analytics, sitemap and robots preserved."
    }
  }
}
