{
  "name": "check-my-payments",
  "version": "24.0.0",
  "lockfileVersion": 3,
  "requires": true,
  "packages": {
    "": {
      "name": "check-my-payments",
      "version": "24.0.0",
      "dependencies": {},
      "devDependencies": {},
      "description": "Stable bilingual Check My Payments loan calculator version 24 with true Loan A vs Loan B comparison and permanent Google Analytics global tag."
    }
  }
}
