{
  "name": "loanflow-calculator",
  "version": "16.0.0",
  "lockfileVersion": 3,
  "requires": true,
  "packages": {
    "": {
      "name": "loanflow-calculator",
      "version": "16.0.0",
      "devDependencies": {},
      "engines": {
        "node": "20.x"
      },
      "description": "Stable bilingual LoanFlow calculator with SEO pages, structured data, sitemap, affordability guidance, monthly amortization and reports."
    }
  }
}
